
Microsoft Visual Studio Solution File, Format Version 12.00
# Visual Studio Version 17
VisualStudioVersion = 17.10.35013.160
MinimumVisualStudioVersion = 10.0.40219.1
Project("{FAE04EC0-301F-11D3-BF4B-00C04F79EFBC}") = "website e-commerce", "website e-commerce\website e-commerce.csproj", "{55E1186B-38D1-4B82-AD2D-EBF14ACF76C9}"
EndProject
Global
	GlobalSection(SolutionConfigurationPlatforms) = preSolution
		Debug|Any CPU = Debug|Any CPU
		Release|Any CPU = Release|Any CPU
	EndGlobalSection
	GlobalSection(ProjectConfigurationPlatforms) = postSolution
		{55E1186B-38D1-4B82-AD2D-EBF14ACF76C9}.Debug|Any CPU.ActiveCfg = Debug|Any CPU
		{55E1186B-38D1-4B82-AD2D-EBF14ACF76C9}.Debug|Any CPU.Build.0 = Debug|Any CPU
		{55E1186B-38D1-4B82-AD2D-EBF14ACF76C9}.Release|Any CPU.ActiveCfg = Release|Any CPU
		{55E1186B-38D1-4B82-AD2D-EBF14ACF76C9}.Release|Any CPU.Build.0 = Release|Any CPU
	EndGlobalSection
	GlobalSection(SolutionProperties) = preSolution
		HideSolutionNode = FALSE
	EndGlobalSection
	GlobalSection(ExtensibilityGlobals) = postSolution
		SolutionGuid = {EB8151D3-EFF4-49BD-8F94-D591493039FE}
	EndGlobalSection
EndGlobal
